
Microsoft Visual Studio Solution File, Format Version 12.00
# Visual Studio Version 17
VisualStudioVersion = 17.3.32804.467
MinimumVisualStudioVersion = 10.0.40219.1
Project("{9A19103F-16F7-4668-BE54-9A1E7A4F7556}") = "CMSPrueba", "CMSPrueba.csproj", "{44D73122-B92C-4F2D-A708-149F5B2F8FAE}"
EndProject
Project("{2150E333-8FDC-42A3-9474-1A3956D46DE8}") = "Solution Items", "Solution Items", "{20198510-06F1-45AB-8354-3FA15DC1E9C6}"
	ProjectSection(SolutionItems) = preProject
		.editorconfig = .editorconfig
	EndProjectSection
EndProject
Global
	GlobalSection(SolutionConfigurationPlatforms) = preSolution
		Debug|Any CPU = Debug|Any CPU
		Release|Any CPU = Release|Any CPU
	EndGlobalSection
	GlobalSection(ProjectConfigurationPlatforms) = postSolution
		{44D73122-B92C-4F2D-A708-149F5B2F8FAE}.Debug|Any CPU.ActiveCfg = Debug|Any CPU
		{44D73122-B92C-4F2D-A708-149F5B2F8FAE}.Debug|Any CPU.Build.0 = Debug|Any CPU
		{44D73122-B92C-4F2D-A708-149F5B2F8FAE}.Release|Any CPU.ActiveCfg = Release|Any CPU
		{44D73122-B92C-4F2D-A708-149F5B2F8FAE}.Release|Any CPU.Build.0 = Release|Any CPU
	EndGlobalSection
	GlobalSection(SolutionProperties) = preSolution
		HideSolutionNode = FALSE
	EndGlobalSection
	GlobalSection(ExtensibilityGlobals) = postSolution
		SolutionGuid = {4884B973-C164-48E3-98B4-4035E1F20F7B}
	EndGlobalSection
EndGlobal
